
Microsoft Visual Studio Solution File, Format Version 12.00
# Visual Studio Version 17
VisualStudioVersion = 17.5.33516.290
MinimumVisualStudioVersion = 10.0.40219.1
Project("{FAE04EC0-301F-11D3-BF4B-00C04F79EFBC}") = "Auth", "Auth\Auth.csproj", "{D1561BF8-8A7B-4800-B4F1-83CF1E02B612}"
EndProject
Global
	GlobalSection(SolutionConfigurationPlatforms) = preSolution
		Debug|Any CPU = Debug|Any CPU
		Release|Any CPU = Release|Any CPU
	EndGlobalSection
	GlobalSection(ProjectConfigurationPlatforms) = postSolution
		{D1561BF8-8A7B-4800-B4F1-83CF1E02B612}.Debug|Any CPU.ActiveCfg = Debug|Any CPU
		{D1561BF8-8A7B-4800-B4F1-83CF1E02B612}.Debug|Any CPU.Build.0 = Debug|Any CPU
		{D1561BF8-8A7B-4800-B4F1-83CF1E02B612}.Release|Any CPU.ActiveCfg = Release|Any CPU
		{D1561BF8-8A7B-4800-B4F1-83CF1E02B612}.Release|Any CPU.Build.0 = Release|Any CPU
	EndGlobalSection
	GlobalSection(SolutionProperties) = preSolution
		HideSolutionNode = FALSE
	EndGlobalSection
	GlobalSection(ExtensibilityGlobals) = postSolution
		SolutionGuid = {6DE60EFE-E31B-4DC8-8D96-7D7D11AE0111}
	EndGlobalSection
EndGlobal
